# THIS IS AN AUTOGENERATED FILE. DO NOT EDIT THIS FILE DIRECTLY.
# yarn lockfile v1


"@mappedin/mappedin-js@alpha":
  version "6.0.1-alpha.36"
  resolved "https://registry.yarnpkg.com/@mappedin/mappedin-js/-/mappedin-js-6.0.1-alpha.36.tgz#2d6b98133e399b227c3c16801ff06bbfac96e5ae"
  integrity sha512-Xzbzj8sfY8dtvGh4S6gB8TFSZ9QSAzmaLKqCi6iKIkWjCBVJIBaBudHeOnPY71hB9C8AzZlyLBNn4JTquqHHaw==

typescript@^4.0.0:
  version "4.9.5"
  resolved "https://registry.yarnpkg.com/typescript/-/typescript-4.9.5.tgz#095979f9bcc0d09da324d58d03ce8f8374cbe65a"
  integrity sha512-1FXk9E2Hm+QzZQ7z+McJiHL4NW1F2EzMu9Nq9i3zAaGqibafqYwCVU6WyWAuyQRRzOlxou8xZSyXLEN8oKj24g==
